// !$*UTF8*$!
{
	archiveVersion = 1;
	classes = {
	};
	objectVersion = 46;
	objects = {

/* Begin PBXBuildFile section */
		630E30C21C6F9F6E007BBBD4 /* AppDelegate.swift in Sources */ = {isa = PBXBuildFile; fileRef = 630E30C11C6F9F6E007BBBD4 /* AppDelegate.swift */; };
		630E30C71C6F9F6E007BBBD4 /* Main.storyboard in Resources */ = {isa = PBXBuildFile; fileRef = 630E30C51C6F9F6E007BBBD4 /* Main.storyboard */; };
		630E30C91C6F9F6E007BBBD4 /* Assets.xcassets in Resources */ = {isa = PBXBuildFile; fileRef = 630E30C81C6F9F6E007BBBD4 /* Assets.xcassets */; };
		630E30CC1C6F9F6E007BBBD4 /* LaunchScreen.storyboard in Resources */ = {isa = PBXBuildFile; fileRef = 630E30CA1C6F9F6E007BBBD4 /* LaunchScreen.storyboard */; };
		630E30D41C6FA259007BBBD4 /* ICOListaLugaresTableViewController.swift in Sources */ = {isa = PBXBuildFile; fileRef = 630E30D31C6FA259007BBBD4 /* ICOListaLugaresTableViewController.swift */; };
		630E30D61C6FA26E007BBBD4 /* ICOLocalizaMapaViewController.swift in Sources */ = {isa = PBXBuildFile; fileRef = 630E30D51C6FA26E007BBBD4 /* ICOLocalizaMapaViewController.swift */; };
		630E30D81C6FA311007BBBD4 /* CoreLocation.framework in Frameworks */ = {isa = PBXBuildFile; fileRef = 630E30D71C6FA311007BBBD4 /* CoreLocation.framework */; };
		630E30DA1C6FA3DE007BBBD4 /* NOTAS DE DESARROLLO.swift in Sources */ = {isa = PBXBuildFile; fileRef = 630E30D91C6FA3DE007BBBD4 /* NOTAS DE DESARROLLO.swift */; };
/* End PBXBuildFile section */

/* Begin PBXFileReference section */
		630E30BE1C6F9F6E007BBBD4 /* App_Mapas_LugaresFavoritos.app */ = {isa = PBXFileReference; explicitFileType = wrapper.application; includeInIndex = 0; path = App_Mapas_LugaresFavoritos.app; sourceTree = BUILT_PRODUCTS_DIR; };
		630E30C11C6F9F6E007BBBD4 /* AppDelegate.swift */ = {isa = PBXFileReference; lastKnownFileType = sourcecode.swift; path = AppDelegate.swift; sourceTree = "<group>"; };
		630E30C61C6F9F6E007BBBD4 /* Base */ = {isa = PBXFileReference; lastKnownFileType = file.storyboard; name = Base; path = Base.lproj/Main.storyboard; sourceTree = "<group>"; };
		630E30C81C6F9F6E007BBBD4 /* Assets.xcassets */ = {isa = PBXFileReference; lastKnownFileType = folder.assetcatalog; path = Assets.xcassets; sourceTree = "<group>"; };
		630E30CB1C6F9F6E007BBBD4 /* Base */ = {isa = PBXFileReference; lastKnownFileType = file.storyboard; name = Base; path = Base.lproj/LaunchScreen.storyboard; sourceTree = "<group>"; };
		630E30CD1C6F9F6E007BBBD4 /* Info.plist */ = {isa = PBXFileReference; lastKnownFileType = text.plist.xml; path = Info.plist; sourceTree = "<group>"; };
		630E30D31C6FA259007BBBD4 /* ICOListaLugaresTableViewController.swift */ = {isa = PBXFileReference; fileEncoding = 4; lastKnownFileType = sourcecode.swift; path = ICOListaLugaresTableViewController.swift; sourceTree = "<group>"; };
		630E30D51C6FA26E007BBBD4 /* ICOLocalizaMapaViewController.swift */ = {isa = PBXFileReference; fileEncoding = 4; lastKnownFileType = sourcecode.swift; path = ICOLocalizaMapaViewController.swift; sourceTree = "<group>"; };
		630E30D71C6FA311007BBBD4 /* CoreLocation.framework */ = {isa = PBXFileReference; lastKnownFileType = wrapper.framework; name = CoreLocation.framework; path = System/Library/Frameworks/CoreLocation.framework; sourceTree = SDKROOT; };
		630E30D91C6FA3DE007BBBD4 /* NOTAS DE DESARROLLO.swift */ = {isa = PBXFileReference; fileEncoding = 4; lastKnownFileType = sourcecode.swift; path = "NOTAS DE DESARROLLO.swift"; sourceTree = "<group>"; };
/* End PBXFileReference section */

/* Begin PBXFrameworksBuildPhase section */
		630E30BB1C6F9F6E007BBBD4 /* Frameworks */ = {
			isa = PBXFrameworksBuildPhase;
			buildActionMask = 2147483647;
			files = (
				630E30D81C6FA311007BBBD4 /* CoreLocation.framework in Frameworks */,
			);
			runOnlyForDeploymentPostprocessing = 0;
		};
/* End PBXFrameworksBuildPhase section */

/* Begin PBXGroup section */
		630E30B51C6F9F6D007BBBD4 = {
			isa = PBXGroup;
			children = (
				630E30D71C6FA311007BBBD4 /* CoreLocation.framework */,
				630E30C01C6F9F6E007BBBD4 /* App_Mapas_LugaresFavoritos */,
				630E30BF1C6F9F6E007BBBD4 /* Products */,
			);
			sourceTree = "<group>";
		};
		630E30BF1C6F9F6E007BBBD4 /* Products */ = {
			isa = PBXGroup;
			children = (
				630E30BE1C6F9F6E007BBBD4 /* App_Mapas_LugaresFavoritos.app */,
			);
			name = Products;
			sourceTree = "<group>";
		};
		630E30C01C6F9F6E007BBBD4 /* App_Mapas_LugaresFavoritos */ = {
			isa = PBXGroup;
			children = (
				630E30C11C6F9F6E007BBBD4 /* AppDelegate.swift */,
				630E30D31C6FA259007BBBD4 /* ICOListaLugaresTableViewController.swift */,
				630E30D51C6FA26E007BBBD4 /* ICOLocalizaMapaViewController.swift */,
				630E30D91C6FA3DE007BBBD4 /* NOTAS DE DESARROLLO.swift */,
				630E30C51C6F9F6E007BBBD4 /* Main.storyboard */,
				630E30C81C6F9F6E007BBBD4 /* Assets.xcassets */,
				630E30CA1C6F9F6E007BBBD4 /* LaunchScreen.storyboard */,
				630E30CD1C6F9F6E007BBBD4 /* Info.plist */,
			);
			path = App_Mapas_LugaresFavoritos;
			sourceTree = "<group>";
		};
/* End PBXGroup section */

/* Begin PBXNativeTarget section */
		630E30BD1C6F9F6E007BBBD4 /* App_Mapas_LugaresFavoritos */ = {
			isa = PBXNativeTarget;
			buildConfigurationList = 630E30D01C6F9F6E007BBBD4 /* Build configuration list for PBXNativeTarget "App_Mapas_LugaresFavoritos" */;
			buildPhases = (
				630E30BA1C6F9F6E007BBBD4 /* Sources */,
				630E30BB1C6F9F6E007BBBD4 /* Frameworks */,
				630E30BC1C6F9F6E007BBBD4 /* Resources */,
			);
			buildRules = (
			);
			dependencies = (
			);
			name = App_Mapas_LugaresFavoritos;
			productName = App_Mapas_LugaresFavoritos;
			productReference = 630E30BE1C6F9F6E007BBBD4 /* App_Mapas_LugaresFavoritos.app */;
			productType = "com.apple.product-type.application";
		};
/* End PBXNativeTarget section */

/* Begin PBXProject section */
		630E30B61C6F9F6D007BBBD4 /* Project object */ = {
			isa = PBXProject;
			attributes = {
				LastSwiftUpdateCheck = 0720;
				LastUpgradeCheck = 0720;
				ORGANIZATIONNAME = iCologic;
				TargetAttributes = {
					630E30BD1C6F9F6E007BBBD4 = {
						CreatedOnToolsVersion = 7.2;
					};
				};
			};
			buildConfigurationList = 630E30B91C6F9F6D007BBBD4 /* Build configuration list for PBXProject "App_Mapas_LugaresFavoritos" */;
			compatibilityVersion = "Xcode 3.2";
			developmentRegion = English;
			hasScannedForEncodings = 0;
			knownRegions = (
				en,
				Base,
			);
			mainGroup = 630E30B51C6F9F6D007BBBD4;
			productRefGroup = 630E30BF1C6F9F6E007BBBD4 /* Products */;
			projectDirPath = "";
			projectRoot = "";
			targets = (
				630E30BD1C6F9F6E007BBBD4 /* App_Mapas_LugaresFavoritos */,
			);
		};
/* End PBXProject section */

/* Begin PBXResourcesBuildPhase section */
		630E30BC1C6F9F6E007BBBD4 /* Resources */ = {
			isa = PBXResourcesBuildPhase;
			buildActionMask = 2147483647;
			files = (
				630E30CC1C6F9F6E007BBBD4 /* LaunchScreen.storyboard in Resources */,
				630E30C91C6F9F6E007BBBD4 /* Assets.xcassets in Resources */,
				630E30C71C6F9F6E007BBBD4 /* Main.storyboard in Resources */,
			);
			runOnlyForDeploymentPostprocessing = 0;
		};
/* End PBXResourcesBuildPhase section */

/* Begin PBXSourcesBuildPhase section */
		630E30BA1C6F9F6E007BBBD4 /* Sources */ = {
			isa = PBXSourcesBuildPhase;
			buildActionMask = 2147483647;
			files = (
				630E30C21C6F9F6E007BBBD4 /* AppDelegate.swift in Sources */,
				630E30DA1C6FA3DE007BBBD4 /* NOTAS DE DESARROLLO.swift in Sources */,
				630E30D61C6FA26E007BBBD4 /* ICOLocalizaMapaViewController.swift in Sources */,
				630E30D41C6FA259007BBBD4 /* ICOListaLugaresTableViewController.swift in Sources */,
			);
			runOnlyForDeploymentPostprocessing = 0;
		};
/* End PBXSourcesBuildPhase section */

/* Begin PBXVariantGroup section */
		630E30C51C6F9F6E007BBBD4 /* Main.storyboard */ = {
			isa = PBXVariantGroup;
			children = (
				630E30C61C6F9F6E007BBBD4 /* Base */,
			);
			name = Main.storyboard;
			sourceTree = "<group>";
		};
		630E30CA1C6F9F6E007BBBD4 /* LaunchScreen.storyboard */ = {
			isa = PBXVariantGroup;
			children = (
				630E30CB1C6F9F6E007BBBD4 /* Base */,
			);
			name = LaunchScreen.storyboard;
			sourceTree = "<group>";
		};
/* End PBXVariantGroup section */

/* Begin XCBuildConfiguration section */
		630E30CE1C6F9F6E007BBBD4 /* Debug */ = {
			isa = XCBuildConfiguration;
			buildSettings = {
				ALWAYS_SEARCH_USER_PATHS = NO;
				CLANG_CXX_LANGUAGE_STANDARD = "gnu++0x";
				CLANG_CXX_LIBRARY = "libc++";
				CLANG_ENABLE_MODULES = YES;
				CLANG_ENABLE_OBJC_ARC = YES;
				CLANG_WARN_BOOL_CONVERSION = YES;
				CLANG_WARN_CONSTANT_CONVERSION = YES;
				CLANG_WARN_DIRECT_OBJC_ISA_USAGE = YES_ERROR;
				CLANG_WARN_EMPTY_BODY = YES;
				CLANG_WARN_ENUM_CONVERSION = YES;
				CLANG_WARN_INT_CONVERSION = YES;
				CLANG_WARN_OBJC_ROOT_CLASS = YES_ERROR;
				CLANG_WARN_UNREACHABLE_CODE = YES;
				CLANG_WARN__DUPLICATE_METHOD_MATCH = YES;
				"CODE_SIGN_IDENTITY[sdk=iphoneos*]" = "iPhone Developer";
				COPY_PHASE_STRIP = NO;
				DEBUG_INFORMATION_FORMAT = dwarf;
				ENABLE_STRICT_OBJC_MSGSEND = YES;
				ENABLE_TESTABILITY = YES;
				GCC_C_LANGUAGE_STANDARD = gnu99;
				GCC_DYNAMIC_NO_PIC = NO;
				GCC_NO_COMMON_BLOCKS = YES;
				GCC_OPTIMIZATION_LEVEL = 0;
				GCC_PREPROCESSOR_DEFINITIONS = (
					"DEBUG=1",
					"$(inherited)",
				);
				GCC_WARN_64_TO_32_BIT_CONVERSION = YES;
				GCC_WARN_ABOUT_RETURN_TYPE = YES_ERROR;
				GCC_WARN_UNDECLARED_SELECTOR = YES;
				GCC_WARN_UNINITIALIZED_AUTOS = YES_AGGRESSIVE;
				GCC_WARN_UNUSED_FUNCTION = YES;
				GCC_WARN_UNUSED_VARIABLE = YES;
				IPHONEOS_DEPLOYMENT_TARGET = 9.2;
				MTL_ENABLE_DEBUG_INFO = YES;
				ONLY_ACTIVE_ARCH = YES;
				SDKROOT = iphoneos;
				SWIFT_OPTIMIZATION_LEVEL = "-Onone";
			};
			name = Debug;
		};
		630E30CF1C6F9F6E007BBBD4 /* Release */ = {
			isa = XCBuildConfiguration;
			buildSettings = {
				ALWAYS_SEARCH_USER_PATHS = NO;
				CLANG_CXX_LANGUAGE_STANDARD = "gnu++0x";
				CLANG_CXX_LIBRARY = "libc++";
				CLANG_ENABLE_MODULES = YES;
				CLANG_ENABLE_OBJC_ARC = YES;
				CLANG_WARN_BOOL_CONVERSION = YES;
				CLANG_WARN_CONSTANT_CONVERSION = YES;
				CLANG_WARN_DIRECT_OBJC_ISA_USAGE = YES_ERROR;
				CLANG_WARN_EMPTY_BODY = YES;
				CLANG_WARN_ENUM_CONVERSION = YES;
				CLANG_WARN_INT_CONVERSION = YES;
				CLANG_WARN_OBJC_ROOT_CLASS = YES_ERROR;
				CLANG_WARN_UNREACHABLE_CODE = YES;
				CLANG_WARN__DUPLICATE_METHOD_MATCH = YES;
				"CODE_SIGN_IDENTITY[sdk=iphoneos*]" = "iPhone Developer";
				COPY_PHASE_STRIP = NO;
				DEBUG_INFORMATION_FORMAT = "dwarf-with-dsym";
				ENABLE_NS_ASSERTIONS = NO;
				ENABLE_STRICT_OBJC_MSGSEND = YES;
				GCC_C_LANGUAGE_STANDARD = gnu99;
				GCC_NO_COMMON_BLOCKS = YES;
				GCC_WARN_64_TO_32_BIT_CONVERSION = YES;
				GCC_WARN_ABOUT_RETURN_TYPE = YES_ERROR;
				GCC_WARN_UNDECLARED_SELECTOR = YES;
				GCC_WARN_UNINITIALIZED_AUTOS = YES_AGGRESSIVE;
				GCC_WARN_UNUSED_FUNCTION = YES;
				GCC_WARN_UNUSED_VARIABLE = YES;
				IPHONEOS_DEPLOYMENT_TARGET = 9.2;
				MTL_ENABLE_DEBUG_INFO = NO;
				SDKROOT = iphoneos;
				VALIDATE_PRODUCT = YES;
			};
			name = Release;
		};
		630E30D11C6F9F6E007BBBD4 /* Debug */ = {
			isa = XCBuildConfiguration;
			buildSettings = {
				ASSETCATALOG_COMPILER_APPICON_NAME = AppIcon;
				INFOPLIST_FILE = App_Mapas_LugaresFavoritos/Info.plist;
				LD_RUNPATH_SEARCH_PATHS = "$(inherited) @executable_path/Frameworks";
				PRODUCT_BUNDLE_IDENTIFIER = "com.icologic.App-Mapas-LugaresFavoritos";
				PRODUCT_NAME = "$(TARGET_NAME)";
			};
			name = Debug;
		};
		630E30D21C6F9F6E007BBBD4 /* Release */ = {
			isa = XCBuildConfiguration;
			buildSettings = {
				ASSETCATALOG_COMPILER_APPICON_NAME = AppIcon;
				INFOPLIST_FILE = App_Mapas_LugaresFavoritos/Info.plist;
				LD_RUNPATH_SEARCH_PATHS = "$(inherited) @executable_path/Frameworks";
				PRODUCT_BUNDLE_IDENTIFIER = "com.icologic.App-Mapas-LugaresFavoritos";
				PRODUCT_NAME = "$(TARGET_NAME)";
			};
			name = Release;
		};
/* End XCBuildConfiguration section */

/* Begin XCConfigurationList section */
		630E30B91C6F9F6D007BBBD4 /* Build configuration list for PBXProject "App_Mapas_LugaresFavoritos" */ = {
			isa = XCConfigurationList;
			buildConfigurations = (
				630E30CE1C6F9F6E007BBBD4 /* Debug */,
				630E30CF1C6F9F6E007BBBD4 /* Release */,
			);
			defaultConfigurationIsVisible = 0;
			defaultConfigurationName = Release;
		};
		630E30D01C6F9F6E007BBBD4 /* Build configuration list for PBXNativeTarget "App_Mapas_LugaresFavoritos" */ = {
			isa = XCConfigurationList;
			buildConfigurations = (
				630E30D11C6F9F6E007BBBD4 /* Debug */,
				630E30D21C6F9F6E007BBBD4 /* Release */,
			);
			defaultConfigurationIsVisible = 0;
		};
/* End XCConfigurationList section */
	};
	rootObject = 630E30B61C6F9F6D007BBBD4 /* Project object */;
}
